// !$*UTF8*$!
{
	archiveVersion = 1;
	classes = {
	};
	objectVersion = 50;
	objects = {

/* Begin PBXBuildFile section */
		CC27E967234CF04300C31F7D /* PlayerDetailViewController.swift in Sources */ = {isa = PBXBuildFile; fileRef = CC27E966234CF04300C31F7D /* PlayerDetailViewController.swift */; };
		CC3A40AF234BD6C300C08CAC /* AppDelegate.swift in Sources */ = {isa = PBXBuildFile; fileRef = CC3A40AE234BD6C300C08CAC /* AppDelegate.swift */; };
		CC3A40B1234BD6C300C08CAC /* SceneDelegate.swift in Sources */ = {isa = PBXBuildFile; fileRef = CC3A40B0234BD6C300C08CAC /* SceneDelegate.swift */; };
		CC3A40B6234BD6C300C08CAC /* Main.storyboard in Resources */ = {isa = PBXBuildFile; fileRef = CC3A40B4234BD6C300C08CAC /* Main.storyboard */; };
		CC3A40B8234BD6C700C08CAC /* Assets.xcassets in Resources */ = {isa = PBXBuildFile; fileRef = CC3A40B7234BD6C700C08CAC /* Assets.xcassets */; };
		CC3A40BB234BD6C700C08CAC /* LaunchScreen.storyboard in Resources */ = {isa = PBXBuildFile; fileRef = CC3A40B9234BD6C700C08CAC /* LaunchScreen.storyboard */; };
		CC3A40C6234BD73600C08CAC /* PlayersTableViewController.swift in Sources */ = {isa = PBXBuildFile; fileRef = CC3A40C5234BD73600C08CAC /* PlayersTableViewController.swift */; };
		CC3A40C9234BD77E00C08CAC /* APIController.swift in Sources */ = {isa = PBXBuildFile; fileRef = CC3A40C8234BD77E00C08CAC /* APIController.swift */; };
		CC3A40CD234BD82900C08CAC /* Player.swift in Sources */ = {isa = PBXBuildFile; fileRef = CC3A40CC234BD82900C08CAC /* Player.swift */; };
		CC3A40D0234BDDD500C08CAC /* PlayerTableViewCell.swift in Sources */ = {isa = PBXBuildFile; fileRef = CC3A40CF234BDDD500C08CAC /* PlayerTableViewCell.swift */; };
		CC3A40D2234BE0DF00C08CAC /* Headers.swift in Sources */ = {isa = PBXBuildFile; fileRef = CC3A40D1234BE0DF00C08CAC /* Headers.swift */; };
/* End PBXBuildFile section */

/* Begin PBXFileReference section */
		CC27E966234CF04300C31F7D /* PlayerDetailViewController.swift */ = {isa = PBXFileReference; lastKnownFileType = sourcecode.swift; path = PlayerDetailViewController.swift; sourceTree = "<group>"; };
		CC3A40AB234BD6C300C08CAC /* NBA.app */ = {isa = PBXFileReference; explicitFileType = wrapper.application; includeInIndex = 0; path = NBA.app; sourceTree = BUILT_PRODUCTS_DIR; };
		CC3A40AE234BD6C300C08CAC /* AppDelegate.swift */ = {isa = PBXFileReference; lastKnownFileType = sourcecode.swift; path = AppDelegate.swift; sourceTree = "<group>"; };
		CC3A40B0234BD6C300C08CAC /* SceneDelegate.swift */ = {isa = PBXFileReference; lastKnownFileType = sourcecode.swift; path = SceneDelegate.swift; sourceTree = "<group>"; };
		CC3A40B5234BD6C300C08CAC /* Base */ = {isa = PBXFileReference; lastKnownFileType = file.storyboard; name = Base; path = Base.lproj/Main.storyboard; sourceTree = "<group>"; };
		CC3A40B7234BD6C700C08CAC /* Assets.xcassets */ = {isa = PBXFileReference; lastKnownFileType = folder.assetcatalog; path = Assets.xcassets; sourceTree = "<group>"; };
		CC3A40BA234BD6C700C08CAC /* Base */ = {isa = PBXFileReference; lastKnownFileType = file.storyboard; name = Base; path = Base.lproj/LaunchScreen.storyboard; sourceTree = "<group>"; };
		CC3A40BC234BD6C700C08CAC /* Info.plist */ = {isa = PBXFileReference; lastKnownFileType = text.plist.xml; path = Info.plist; sourceTree = "<group>"; };
		CC3A40C5234BD73600C08CAC /* PlayersTableViewController.swift */ = {isa = PBXFileReference; lastKnownFileType = sourcecode.swift; path = PlayersTableViewController.swift; sourceTree = "<group>"; };
		CC3A40C8234BD77E00C08CAC /* APIController.swift */ = {isa = PBXFileReference; lastKnownFileType = sourcecode.swift; path = APIController.swift; sourceTree = "<group>"; };
		CC3A40CC234BD82900C08CAC /* Player.swift */ = {isa = PBXFileReference; lastKnownFileType = sourcecode.swift; path = Player.swift; sourceTree = "<group>"; };
		CC3A40CF234BDDD500C08CAC /* PlayerTableViewCell.swift */ = {isa = PBXFileReference; lastKnownFileType = sourcecode.swift; path = PlayerTableViewCell.swift; sourceTree = "<group>"; };
		CC3A40D1234BE0DF00C08CAC /* Headers.swift */ = {isa = PBXFileReference; lastKnownFileType = sourcecode.swift; path = Headers.swift; sourceTree = "<group>"; };
/* End PBXFileReference section */

/* Begin PBXFrameworksBuildPhase section */
		CC3A40A8234BD6C300C08CAC /* Frameworks */ = {
			isa = PBXFrameworksBuildPhase;
			buildActionMask = 2147483647;
			files = (
			);
			runOnlyForDeploymentPostprocessing = 0;
		};
/* End PBXFrameworksBuildPhase section */

/* Begin PBXGroup section */
		CC3A40A2234BD6C300C08CAC = {
			isa = PBXGroup;
			children = (
				CC3A40AD234BD6C300C08CAC /* NBA */,
				CC3A40AC234BD6C300C08CAC /* Products */,
			);
			sourceTree = "<group>";
		};
		CC3A40AC234BD6C300C08CAC /* Products */ = {
			isa = PBXGroup;
			children = (
				CC3A40AB234BD6C300C08CAC /* NBA.app */,
			);
			name = Products;
			sourceTree = "<group>";
		};
		CC3A40AD234BD6C300C08CAC /* NBA */ = {
			isa = PBXGroup;
			children = (
				CC3A40C7234BD77100C08CAC /* Application */,
				CC3A40C4234BD71900C08CAC /* Models */,
				CC3A40CE234BDDB900C08CAC /* Views */,
				CC3A40C3234BD71200C08CAC /* Model Controllers */,
				CC3A40C2234BD70B00C08CAC /* View Controllers */,
				CC3A40AE234BD6C300C08CAC /* AppDelegate.swift */,
				CC3A40B0234BD6C300C08CAC /* SceneDelegate.swift */,
				CC3A40B4234BD6C300C08CAC /* Main.storyboard */,
				CC3A40B7234BD6C700C08CAC /* Assets.xcassets */,
				CC3A40B9234BD6C700C08CAC /* LaunchScreen.storyboard */,
				CC3A40BC234BD6C700C08CAC /* Info.plist */,
			);
			path = NBA;
			sourceTree = "<group>";
		};
		CC3A40C2234BD70B00C08CAC /* View Controllers */ = {
			isa = PBXGroup;
			children = (
				CC3A40C5234BD73600C08CAC /* PlayersTableViewController.swift */,
				CC27E966234CF04300C31F7D /* PlayerDetailViewController.swift */,
			);
			path = "View Controllers";
			sourceTree = "<group>";
		};
		CC3A40C3234BD71200C08CAC /* Model Controllers */ = {
			isa = PBXGroup;
			children = (
			);
			path = "Model Controllers";
			sourceTree = "<group>";
		};
		CC3A40C4234BD71900C08CAC /* Models */ = {
			isa = PBXGroup;
			children = (
				CC3A40CC234BD82900C08CAC /* Player.swift */,
			);
			path = Models;
			sourceTree = "<group>";
		};
		CC3A40C7234BD77100C08CAC /* Application */ = {
			isa = PBXGroup;
			children = (
				CC3A40C8234BD77E00C08CAC /* APIController.swift */,
				CC3A40D1234BE0DF00C08CAC /* Headers.swift */,
			);
			path = Application;
			sourceTree = "<group>";
		};
		CC3A40CE234BDDB900C08CAC /* Views */ = {
			isa = PBXGroup;
			children = (
				CC3A40CF234BDDD500C08CAC /* PlayerTableViewCell.swift */,
			);
			path = Views;
			sourceTree = "<group>";
		};
/* End PBXGroup section */

/* Begin PBXNativeTarget section */
		CC3A40AA234BD6C300C08CAC /* NBA */ = {
			isa = PBXNativeTarget;
			buildConfigurationList = CC3A40BF234BD6C700C08CAC /* Build configuration list for PBXNativeTarget "NBA" */;
			buildPhases = (
				CC3A40A7234BD6C300C08CAC /* Sources */,
				CC3A40A8234BD6C300C08CAC /* Frameworks */,
				CC3A40A9234BD6C300C08CAC /* Resources */,
			);
			buildRules = (
			);
			dependencies = (
			);
			name = NBA;
			productName = NBA;
			productReference = CC3A40AB234BD6C300C08CAC /* NBA.app */;
			productType = "com.apple.product-type.application";
		};
/* End PBXNativeTarget section */

/* Begin PBXProject section */
		CC3A40A3234BD6C300C08CAC /* Project object */ = {
			isa = PBXProject;
			attributes = {
				LastSwiftUpdateCheck = 1100;
				LastUpgradeCheck = 1100;
				ORGANIZATIONNAME = "John Kouris";
				TargetAttributes = {
					CC3A40AA234BD6C300C08CAC = {
						CreatedOnToolsVersion = 11.0;
					};
				};
			};
			buildConfigurationList = CC3A40A6234BD6C300C08CAC /* Build configuration list for PBXProject "NBA" */;
			compatibilityVersion = "Xcode 9.3";
			developmentRegion = en;
			hasScannedForEncodings = 0;
			knownRegions = (
				en,
				Base,
			);
			mainGroup = CC3A40A2234BD6C300C08CAC;
			productRefGroup = CC3A40AC234BD6C300C08CAC /* Products */;
			projectDirPath = "";
			projectRoot = "";
			targets = (
				CC3A40AA234BD6C300C08CAC /* NBA */,
			);
		};
/* End PBXProject section */

/* Begin PBXResourcesBuildPhase section */
		CC3A40A9234BD6C300C08CAC /* Resources */ = {
			isa = PBXResourcesBuildPhase;
			buildActionMask = 2147483647;
			files = (
				CC3A40BB234BD6C700C08CAC /* LaunchScreen.storyboard in Resources */,
				CC3A40B8234BD6C700C08CAC /* Assets.xcassets in Resources */,
				CC3A40B6234BD6C300C08CAC /* Main.storyboard in Resources */,
			);
			runOnlyForDeploymentPostprocessing = 0;
		};
/* End PBXResourcesBuildPhase section */

/* Begin PBXSourcesBuildPhase section */
		CC3A40A7234BD6C300C08CAC /* Sources */ = {
			isa = PBXSourcesBuildPhase;
			buildActionMask = 2147483647;
			files = (
				CC3A40D0234BDDD500C08CAC /* PlayerTableViewCell.swift in Sources */,
				CC3A40C9234BD77E00C08CAC /* APIController.swift in Sources */,
				CC3A40AF234BD6C300C08CAC /* AppDelegate.swift in Sources */,
				CC3A40B1234BD6C300C08CAC /* SceneDelegate.swift in Sources */,
				CC27E967234CF04300C31F7D /* PlayerDetailViewController.swift in Sources */,
				CC3A40CD234BD82900C08CAC /* Player.swift in Sources */,
				CC3A40C6234BD73600C08CAC /* PlayersTableViewController.swift in Sources */,
				CC3A40D2234BE0DF00C08CAC /* Headers.swift in Sources */,
			);
			runOnlyForDeploymentPostprocessing = 0;
		};
/* End PBXSourcesBuildPhase section */

/* Begin PBXVariantGroup section */
		CC3A40B4234BD6C300C08CAC /* Main.storyboard */ = {
			isa = PBXVariantGroup;
			children = (
				CC3A40B5234BD6C300C08CAC /* Base */,
			);
			name = Main.storyboard;
			sourceTree = "<group>";
		};
		CC3A40B9234BD6C700C08CAC /* LaunchScreen.storyboard */ = {
			isa = PBXVariantGroup;
			children = (
				CC3A40BA234BD6C700C08CAC /* Base */,
			);
			name = LaunchScreen.storyboard;
			sourceTree = "<group>";
		};
/* End PBXVariantGroup section */

/* Begin XCBuildConfiguration section */
		CC3A40BD234BD6C700C08CAC /* Debug */ = {
			isa = XCBuildConfiguration;
			buildSettings = {
				ALWAYS_SEARCH_USER_PATHS = NO;
				CLANG_ANALYZER_NONNULL = YES;
				CLANG_ANALYZER_NUMBER_OBJECT_CONVERSION = YES_AGGRESSIVE;
				CLANG_CXX_LANGUAGE_STANDARD = "gnu++14";
				CLANG_CXX_LIBRARY = "libc++";
				CLANG_ENABLE_MODULES = YES;
				CLANG_ENABLE_OBJC_ARC = YES;
				CLANG_ENABLE_OBJC_WEAK = YES;
				CLANG_WARN_BLOCK_CAPTURE_AUTORELEASING = YES;
				CLANG_WARN_BOOL_CONVERSION = YES;
				CLANG_WARN_COMMA = YES;
				CLANG_WARN_CONSTANT_CONVERSION = YES;
				CLANG_WARN_DEPRECATED_OBJC_IMPLEMENTATIONS = YES;
				CLANG_WARN_DIRECT_OBJC_ISA_USAGE = YES_ERROR;
				CLANG_WARN_DOCUMENTATION_COMMENTS = YES;
				CLANG_WARN_EMPTY_BODY = YES;
				CLANG_WARN_ENUM_CONVERSION = YES;
				CLANG_WARN_INFINITE_RECURSION = YES;
				CLANG_WARN_INT_CONVERSION = YES;
				CLANG_WARN_NON_LITERAL_NULL_CONVERSION = YES;
				CLANG_WARN_OBJC_IMPLICIT_RETAIN_SELF = YES;
				CLANG_WARN_OBJC_LITERAL_CONVERSION = YES;
				CLANG_WARN_OBJC_ROOT_CLASS = YES_ERROR;
				CLANG_WARN_RANGE_LOOP_ANALYSIS = YES;
				CLANG_WARN_STRICT_PROTOTYPES = YES;
				CLANG_WARN_SUSPICIOUS_MOVE = YES;
				CLANG_WARN_UNGUARDED_AVAILABILITY = YES_AGGRESSIVE;
				CLANG_WARN_UNREACHABLE_CODE = YES;
				CLANG_WARN__DUPLICATE_METHOD_MATCH = YES;
				COPY_PHASE_STRIP = NO;
				DEBUG_INFORMATION_FORMAT = dwarf;
				ENABLE_STRICT_OBJC_MSGSEND = YES;
				ENABLE_TESTABILITY = YES;
				GCC_C_LANGUAGE_STANDARD = gnu11;
				GCC_DYNAMIC_NO_PIC = NO;
				GCC_NO_COMMON_BLOCKS = YES;
				GCC_OPTIMIZATION_LEVEL = 0;
				GCC_PREPROCESSOR_DEFINITIONS = (
					"DEBUG=1",
					"$(inherited)",
				);
				GCC_WARN_64_TO_32_BIT_CONVERSION = YES;
				GCC_WARN_ABOUT_RETURN_TYPE = YES_ERROR;
				GCC_WARN_UNDECLARED_SELECTOR = YES;
				GCC_WARN_UNINITIALIZED_AUTOS = YES_AGGRESSIVE;
				GCC_WARN_UNUSED_FUNCTION = YES;
				GCC_WARN_UNUSED_VARIABLE = YES;
				IPHONEOS_DEPLOYMENT_TARGET = 13.0;
				MTL_ENABLE_DEBUG_INFO = INCLUDE_SOURCE;
				MTL_FAST_MATH = YES;
				ONLY_ACTIVE_ARCH = YES;
				SDKROOT = iphoneos;
				SWIFT_ACTIVE_COMPILATION_CONDITIONS = DEBUG;
				SWIFT_OPTIMIZATION_LEVEL = "-Onone";
			};
			name = Debug;
		};
		CC3A40BE234BD6C700C08CAC /* Release */ = {
			isa = XCBuildConfiguration;
			buildSettings = {
				ALWAYS_SEARCH_USER_PATHS = NO;
				CLANG_ANALYZER_NONNULL = YES;
				CLANG_ANALYZER_NUMBER_OBJECT_CONVERSION = YES_AGGRESSIVE;
				CLANG_CXX_LANGUAGE_STANDARD = "gnu++14";
				CLANG_CXX_LIBRARY = "libc++";
				CLANG_ENABLE_MODULES = YES;
				CLANG_ENABLE_OBJC_ARC = YES;
				CLANG_ENABLE_OBJC_WEAK = YES;
				CLANG_WARN_BLOCK_CAPTURE_AUTORELEASING = YES;
				CLANG_WARN_BOOL_CONVERSION = YES;
				CLANG_WARN_COMMA = YES;
				CLANG_WARN_CONSTANT_CONVERSION = YES;
				CLANG_WARN_DEPRECATED_OBJC_IMPLEMENTATIONS = YES;
				CLANG_WARN_DIRECT_OBJC_ISA_USAGE = YES_ERROR;
				CLANG_WARN_DOCUMENTATION_COMMENTS = YES;
				CLANG_WARN_EMPTY_BODY = YES;
				CLANG_WARN_ENUM_CONVERSION = YES;
				CLANG_WARN_INFINITE_RECURSION = YES;
				CLANG_WARN_INT_CONVERSION = YES;
				CLANG_WARN_NON_LITERAL_NULL_CONVERSION = YES;
				CLANG_WARN_OBJC_IMPLICIT_RETAIN_SELF = YES;
				CLANG_WARN_OBJC_LITERAL_CONVERSION = YES;
				CLANG_WARN_OBJC_ROOT_CLASS = YES_ERROR;
				CLANG_WARN_RANGE_LOOP_ANALYSIS = YES;
				CLANG_WARN_STRICT_PROTOTYPES = YES;
				CLANG_WARN_SUSPICIOUS_MOVE = YES;
				CLANG_WARN_UNGUARDED_AVAILABILITY = YES_AGGRESSIVE;
				CLANG_WARN_UNREACHABLE_CODE = YES;
				CLANG_WARN__DUPLICATE_METHOD_MATCH = YES;
				COPY_PHASE_STRIP = NO;
				DEBUG_INFORMATION_FORMAT = "dwarf-with-dsym";
				ENABLE_NS_ASSERTIONS = NO;
				ENABLE_STRICT_OBJC_MSGSEND = YES;
				GCC_C_LANGUAGE_STANDARD = gnu11;
				GCC_NO_COMMON_BLOCKS = YES;
				GCC_WARN_64_TO_32_BIT_CONVERSION = YES;
				GCC_WARN_ABOUT_RETURN_TYPE = YES_ERROR;
				GCC_WARN_UNDECLARED_SELECTOR = YES;
				GCC_WARN_UNINITIALIZED_AUTOS = YES_AGGRESSIVE;
				GCC_WARN_UNUSED_FUNCTION = YES;
				GCC_WARN_UNUSED_VARIABLE = YES;
				IPHONEOS_DEPLOYMENT_TARGET = 13.0;
				MTL_ENABLE_DEBUG_INFO = NO;
				MTL_FAST_MATH = YES;
				SDKROOT = iphoneos;
				SWIFT_COMPILATION_MODE = wholemodule;
				SWIFT_OPTIMIZATION_LEVEL = "-O";
				VALIDATE_PRODUCT = YES;
			};
			name = Release;
		};
		CC3A40C0234BD6C700C08CAC /* Debug */ = {
			isa = XCBuildConfiguration;
			buildSettings = {
				ASSETCATALOG_COMPILER_APPICON_NAME = AppIcon;
				CODE_SIGN_STYLE = Automatic;
				DEVELOPMENT_TEAM = SE96QQ4Q6G;
				INFOPLIST_FILE = NBA/Info.plist;
				LD_RUNPATH_SEARCH_PATHS = (
					"$(inherited)",
					"@executable_path/Frameworks",
				);
				PRODUCT_BUNDLE_IDENTIFIER = com.JohnKouris.NBA;
				PRODUCT_NAME = "$(TARGET_NAME)";
				SWIFT_VERSION = 5.0;
				TARGETED_DEVICE_FAMILY = "1,2";
			};
			name = Debug;
		};
		CC3A40C1234BD6C700C08CAC /* Release */ = {
			isa = XCBuildConfiguration;
			buildSettings = {
				ASSETCATALOG_COMPILER_APPICON_NAME = AppIcon;
				CODE_SIGN_STYLE = Automatic;
				DEVELOPMENT_TEAM = SE96QQ4Q6G;
				INFOPLIST_FILE = NBA/Info.plist;
				LD_RUNPATH_SEARCH_PATHS = (
					"$(inherited)",
					"@executable_path/Frameworks",
				);
				PRODUCT_BUNDLE_IDENTIFIER = com.JohnKouris.NBA;
				PRODUCT_NAME = "$(TARGET_NAME)";
				SWIFT_VERSION = 5.0;
				TARGETED_DEVICE_FAMILY = "1,2";
			};
			name = Release;
		};
/* End XCBuildConfiguration section */

/* Begin XCConfigurationList section */
		CC3A40A6234BD6C300C08CAC /* Build configuration list for PBXProject "NBA" */ = {
			isa = XCConfigurationList;
			buildConfigurations = (
				CC3A40BD234BD6C700C08CAC /* Debug */,
				CC3A40BE234BD6C700C08CAC /* Release */,
			);
			defaultConfigurationIsVisible = 0;
			defaultConfigurationName = Release;
		};
		CC3A40BF234BD6C700C08CAC /* Build configuration list for PBXNativeTarget "NBA" */ = {
			isa = XCConfigurationList;
			buildConfigurations = (
				CC3A40C0234BD6C700C08CAC /* Debug */,
				CC3A40C1234BD6C700C08CAC /* Release */,
			);
			defaultConfigurationIsVisible = 0;
			defaultConfigurationName = Release;
		};
/* End XCConfigurationList section */
	};
	rootObject = CC3A40A3234BD6C300C08CAC /* Project object */;
}
